PODS:
  - Flutter (1.0.0)
  - is_debug (0.0.1):
    - Flutter
  - paused_secret (0.0.1):
    - Flutter
  - permission_handler_apple (9.1.1):
    - Flutter

DEPENDENCIES:
  - Flutter (from `Flutter`)
  - is_debug (from `.symlinks/plugins/is_debug/ios`)
  - paused_secret (from `.symlinks/plugins/paused_secret/ios`)
  - permission_handler_apple (from `.symlinks/plugins/permission_handler_apple/ios`)

EXTERNAL SOURCES:
  Flutter:
    :path: Flutter
  is_debug:
    :path: ".symlinks/plugins/is_debug/ios"
  paused_secret:
    :path: ".symlinks/plugins/paused_secret/ios"
  permission_handler_apple:
    :path: ".symlinks/plugins/permission_handler_apple/ios"

SPEC CHECKSUMS:
  Flutter: e0871f40cf51350855a761d2e70bf5af5b9b5de7
  is_debug: 218b7d262ddcbb504d4f50f24475875cda405b04
  paused_secret: 199d55e163c97ed769f22796e05009cf801fdd95
  permission_handler_apple: e76247795d700c14ea09e3a2d8855d41ee80a2e6

PODFILE CHECKSUM: 819463e6a0290f5a72f145ba7cde16e8b6ef0796

COCOAPODS: 1.11.2
